
Microsoft Visual Studio Solution File, Format Version 12.00
# Visual Studio Version 17
VisualStudioVersion = 17.5.33627.172
MinimumVisualStudioVersion = 10.0.40219.1
Project("{FAE04EC0-301F-11D3-BF4B-00C04F79EFBC}") = "Height Estimator", "Height Estimator\Height Estimator.csproj", "{2D686DA4-0B5A-4083-A935-D8A7E9CAE5D2}"
EndProject
Global
	GlobalSection(SolutionConfigurationPlatforms) = preSolution
		Debug|Any CPU = Debug|Any CPU
		Release|Any CPU = Release|Any CPU
	EndGlobalSection
	GlobalSection(ProjectConfigurationPlatforms) = postSolution
		{2D686DA4-0B5A-4083-A935-D8A7E9CAE5D2}.Debug|Any CPU.ActiveCfg = Debug|Any CPU
		{2D686DA4-0B5A-4083-A935-D8A7E9CAE5D2}.Debug|Any CPU.Build.0 = Debug|Any CPU
		{2D686DA4-0B5A-4083-A935-D8A7E9CAE5D2}.Release|Any CPU.ActiveCfg = Release|Any CPU
		{2D686DA4-0B5A-4083-A935-D8A7E9CAE5D2}.Release|Any CPU.Build.0 = Release|Any CPU
	EndGlobalSection
	GlobalSection(SolutionProperties) = preSolution
		HideSolutionNode = FALSE
	EndGlobalSection
	GlobalSection(ExtensibilityGlobals) = postSolution
		SolutionGuid = {442F6153-86C0-49B8-BC45-001244A555CF}
	EndGlobalSection
EndGlobal
